
Microsoft Visual Studio Solution File, Format Version 12.00
# Visual Studio Version 17
VisualStudioVersion = 17.7.34221.43
MinimumVisualStudioVersion = 10.0.40219.1
Project("{9A19103F-16F7-4668-BE54-9A1E7A4F7556}") = "Domain", "Domain\Domain.csproj", "{1CCB2209-3A73-4F46-AA4F-28C90900B4FE}"
EndProject
Project("{9A19103F-16F7-4668-BE54-9A1E7A4F7556}") = "Domain.Tests", "Domain.Tests\Domain.Tests.csproj", "{E796ED6C-E69E-417F-A880-AB1F25122FC9}"
EndProject
Project("{9A19103F-16F7-4668-BE54-9A1E7A4F7556}") = "Domain.EntityFramework", "Domain.EntityFramework\Domain.EntityFramework.csproj", "{E2C55917-225E-47DD-A895-D64454E2B73D}"
EndProject
Project("{FAE04EC0-301F-11D3-BF4B-00C04F79EFBC}") = "ConsoleUI", "ConsoleUI\ConsoleUI.csproj", "{497A7C17-082B-419E-9086-B7D5DF213CAA}"
EndProject
Global
	GlobalSection(SolutionConfigurationPlatforms) = preSolution
		Debug|Any CPU = Debug|Any CPU
		Release|Any CPU = Release|Any CPU
	EndGlobalSection
	GlobalSection(ProjectConfigurationPlatforms) = postSolution
		{1CCB2209-3A73-4F46-AA4F-28C90900B4FE}.Debug|Any CPU.ActiveCfg = Debug|Any CPU
		{1CCB2209-3A73-4F46-AA4F-28C90900B4FE}.Debug|Any CPU.Build.0 = Debug|Any CPU
		{1CCB2209-3A73-4F46-AA4F-28C90900B4FE}.Release|Any CPU.ActiveCfg = Release|Any CPU
		{1CCB2209-3A73-4F46-AA4F-28C90900B4FE}.Release|Any CPU.Build.0 = Release|Any CPU
		{E796ED6C-E69E-417F-A880-AB1F25122FC9}.Debug|Any CPU.ActiveCfg = Debug|Any CPU
		{E796ED6C-E69E-417F-A880-AB1F25122FC9}.Debug|Any CPU.Build.0 = Debug|Any CPU
		{E796ED6C-E69E-417F-A880-AB1F25122FC9}.Release|Any CPU.ActiveCfg = Release|Any CPU
		{E796ED6C-E69E-417F-A880-AB1F25122FC9}.Release|Any CPU.Build.0 = Release|Any CPU
		{E2C55917-225E-47DD-A895-D64454E2B73D}.Debug|Any CPU.ActiveCfg = Debug|Any CPU
		{E2C55917-225E-47DD-A895-D64454E2B73D}.Debug|Any CPU.Build.0 = Debug|Any CPU
		{E2C55917-225E-47DD-A895-D64454E2B73D}.Release|Any CPU.ActiveCfg = Release|Any CPU
		{E2C55917-225E-47DD-A895-D64454E2B73D}.Release|Any CPU.Build.0 = Release|Any CPU
		{497A7C17-082B-419E-9086-B7D5DF213CAA}.Debug|Any CPU.ActiveCfg = Debug|Any CPU
		{497A7C17-082B-419E-9086-B7D5DF213CAA}.Debug|Any CPU.Build.0 = Debug|Any CPU
		{497A7C17-082B-419E-9086-B7D5DF213CAA}.Release|Any CPU.ActiveCfg = Release|Any CPU
		{497A7C17-082B-419E-9086-B7D5DF213CAA}.Release|Any CPU.Build.0 = Release|Any CPU
	EndGlobalSection
	GlobalSection(SolutionProperties) = preSolution
		HideSolutionNode = FALSE
	EndGlobalSection
	GlobalSection(ExtensibilityGlobals) = postSolution
		SolutionGuid = {28D837B3-4BC9-4AF8-BA3A-CB4230E3BFFD}
	EndGlobalSection
EndGlobal
