
Microsoft Visual Studio Solution File, Format Version 12.00
# Visual Studio Version 17
VisualStudioVersion = 17.7.34221.43
MinimumVisualStudioVersion = 10.0.40219.1
Project("{9A19103F-16F7-4668-BE54-9A1E7A4F7556}") = "Domain", "Domain\Domain.csproj", "{1CCB2209-3A73-4F46-AA4F-28C90900B4FE}"
EndProject
Project("{9A19103F-16F7-4668-BE54-9A1E7A4F7556}") = "ConsoleUI", "ConsoleUI\ConsoleUI.csproj", "{7641E6DA-B97D-4167-86D6-95EE90418D9A}"
EndProject
Project("{FAE04EC0-301F-11D3-BF4B-00C04F79EFBC}") = "Domain.Tests", "Domain.Tests\Domain.Tests.csproj", "{E796ED6C-E69E-417F-A880-AB1F25122FC9}"
EndProject
Global
	GlobalSection(SolutionConfigurationPlatforms) = preSolution
		Debug|Any CPU = Debug|Any CPU
		Release|Any CPU = Release|Any CPU
	EndGlobalSection
	GlobalSection(ProjectConfigurationPlatforms) = postSolution
		{1CCB2209-3A73-4F46-AA4F-28C90900B4FE}.Debug|Any CPU.ActiveCfg = Debug|Any CPU
		{1CCB2209-3A73-4F46-AA4F-28C90900B4FE}.Debug|Any CPU.Build.0 = Debug|Any CPU
		{1CCB2209-3A73-4F46-AA4F-28C90900B4FE}.Release|Any CPU.ActiveCfg = Release|Any CPU
		{1CCB2209-3A73-4F46-AA4F-28C90900B4FE}.Release|Any CPU.Build.0 = Release|Any CPU
		{7641E6DA-B97D-4167-86D6-95EE90418D9A}.Debug|Any CPU.ActiveCfg = Debug|Any CPU
		{7641E6DA-B97D-4167-86D6-95EE90418D9A}.Debug|Any CPU.Build.0 = Debug|Any CPU
		{7641E6DA-B97D-4167-86D6-95EE90418D9A}.Release|Any CPU.ActiveCfg = Release|Any CPU
		{7641E6DA-B97D-4167-86D6-95EE90418D9A}.Release|Any CPU.Build.0 = Release|Any CPU
		{E796ED6C-E69E-417F-A880-AB1F25122FC9}.Debug|Any CPU.ActiveCfg = Debug|Any CPU
		{E796ED6C-E69E-417F-A880-AB1F25122FC9}.Debug|Any CPU.Build.0 = Debug|Any CPU
		{E796ED6C-E69E-417F-A880-AB1F25122FC9}.Release|Any CPU.ActiveCfg = Release|Any CPU
		{E796ED6C-E69E-417F-A880-AB1F25122FC9}.Release|Any CPU.Build.0 = Release|Any CPU
	EndGlobalSection
	GlobalSection(SolutionProperties) = preSolution
		HideSolutionNode = FALSE
	EndGlobalSection
	GlobalSection(ExtensibilityGlobals) = postSolution
		SolutionGuid = {28D837B3-4BC9-4AF8-BA3A-CB4230E3BFFD}
	EndGlobalSection
EndGlobal
